{
  "name": "install_package",
  "version": "1.0.0",
  "lockfileVersion": 3,
  "requires": true,
  "packages": {
    "": {
      "name": "install_package",
      "version": "1.0.0",
      "license": "ISC",
      "dependencies": {
        "dmitry_generation_password": "^1.0.0"
      }
    },
    "node_modules/dmitry_generation_password": {
      "version": "1.0.0",
      "resolved": "https://registry.npmjs.org/dmitry_generation_password/-/dmitry_generation_password-1.0.0.tgz",
      "integrity": "sha512-D5Ja7PgJiT2z0juBMnY+2DKebHiqH9en+oTXOOkE4mDDJuix7Fxmlik7Kw2zPcnasNZwKsnX8T1E/N5SUR+5tw=="
    }
  }
}
